// !$*UTF8*$!
{
	archiveVersion = 1;
	classes = {
	};
	objectVersion = 50;
	objects = {

/* Begin PBXBuildFile section */
		2A979E7F24DE65450010EBE4 /* AppDelegate.swift in Sources */ = {isa = PBXBuildFile; fileRef = 2A979E7E24DE65450010EBE4 /* AppDelegate.swift */; };
		2A979E8124DE65450010EBE4 /* SceneDelegate.swift in Sources */ = {isa = PBXBuildFile; fileRef = 2A979E8024DE65450010EBE4 /* SceneDelegate.swift */; };
		2A979E8324DE65450010EBE4 /* ViewController.swift in Sources */ = {isa = PBXBuildFile; fileRef = 2A979E8224DE65450010EBE4 /* ViewController.swift */; };
		2A979E8624DE65450010EBE4 /* Main.storyboard in Resources */ = {isa = PBXBuildFile; fileRef = 2A979E8424DE65450010EBE4 /* Main.storyboard */; };
		2A979E8824DE65480010EBE4 /* Assets.xcassets in Resources */ = {isa = PBXBuildFile; fileRef = 2A979E8724DE65480010EBE4 /* Assets.xcassets */; };
		2A979E9424DE681F0010EBE4 /* CollectionViewCell.swift in Sources */ = {isa = PBXBuildFile; fileRef = 2A979E9224DE681F0010EBE4 /* CollectionViewCell.swift */; };
		2A979E9524DE681F0010EBE4 /* CollectionViewCell.xib in Resources */ = {isa = PBXBuildFile; fileRef = 2A979E9324DE681F0010EBE4 /* CollectionViewCell.xib */; };
/* End PBXBuildFile section */

/* Begin PBXFileReference section */
		2A979E7B24DE65450010EBE4 /* horizontalCollectionViewCell.app */ = {isa = PBXFileReference; explicitFileType = wrapper.application; includeInIndex = 0; path = horizontalCollectionViewCell.app; sourceTree = BUILT_PRODUCTS_DIR; };
		2A979E7E24DE65450010EBE4 /* AppDelegate.swift */ = {isa = PBXFileReference; lastKnownFileType = sourcecode.swift; path = AppDelegate.swift; sourceTree = "<group>"; };
		2A979E8024DE65450010EBE4 /* SceneDelegate.swift */ = {isa = PBXFileReference; lastKnownFileType = sourcecode.swift; path = SceneDelegate.swift; sourceTree = "<group>"; };
		2A979E8224DE65450010EBE4 /* ViewController.swift */ = {isa = PBXFileReference; lastKnownFileType = sourcecode.swift; path = ViewController.swift; sourceTree = "<group>"; };
		2A979E8524DE65450010EBE4 /* Base */ = {isa = PBXFileReference; lastKnownFileType = file.storyboard; name = Base; path = Base.lproj/Main.storyboard; sourceTree = "<group>"; };
		2A979E8724DE65480010EBE4 /* Assets.xcassets */ = {isa = PBXFileReference; lastKnownFileType = folder.assetcatalog; path = Assets.xcassets; sourceTree = "<group>"; };
		2A979E8C24DE65480010EBE4 /* Info.plist */ = {isa = PBXFileReference; lastKnownFileType = text.plist.xml; path = Info.plist; sourceTree = "<group>"; };
		2A979E9224DE681F0010EBE4 /* CollectionViewCell.swift */ = {isa = PBXFileReference; lastKnownFileType = sourcecode.swift; path = CollectionViewCell.swift; sourceTree = "<group>"; };
		2A979E9324DE681F0010EBE4 /* CollectionViewCell.xib */ = {isa = PBXFileReference; lastKnownFileType = file.xib; path = CollectionViewCell.xib; sourceTree = "<group>"; };
/* End PBXFileReference section */

/* Begin PBXFrameworksBuildPhase section */
		2A979E7824DE65450010EBE4 /* Frameworks */ = {
			isa = PBXFrameworksBuildPhase;
			buildActionMask = 2147483647;
			files = (
			);
			runOnlyForDeploymentPostprocessing = 0;
		};
/* End PBXFrameworksBuildPhase section */

/* Begin PBXGroup section */
		2A979E7224DE65450010EBE4 = {
			isa = PBXGroup;
			children = (
				2A979E7D24DE65450010EBE4 /* horizontalCollectionViewCell */,
				2A979E7C24DE65450010EBE4 /* Products */,
			);
			sourceTree = "<group>";
		};
		2A979E7C24DE65450010EBE4 /* Products */ = {
			isa = PBXGroup;
			children = (
				2A979E7B24DE65450010EBE4 /* horizontalCollectionViewCell.app */,
			);
			name = Products;
			sourceTree = "<group>";
		};
		2A979E7D24DE65450010EBE4 /* horizontalCollectionViewCell */ = {
			isa = PBXGroup;
			children = (
				2A979E7E24DE65450010EBE4 /* AppDelegate.swift */,
				2A979E9324DE681F0010EBE4 /* CollectionViewCell.xib */,
				2A979E8024DE65450010EBE4 /* SceneDelegate.swift */,
				2A979E8224DE65450010EBE4 /* ViewController.swift */,
				2A979E8424DE65450010EBE4 /* Main.storyboard */,
				2A979E9224DE681F0010EBE4 /* CollectionViewCell.swift */,
				2A979E8724DE65480010EBE4 /* Assets.xcassets */,
				2A979E8C24DE65480010EBE4 /* Info.plist */,
			);
			path = horizontalCollectionViewCell;
			sourceTree = "<group>";
		};
/* End PBXGroup section */

/* Begin PBXNativeTarget section */
		2A979E7A24DE65450010EBE4 /* horizontalCollectionViewCell */ = {
			isa = PBXNativeTarget;
			buildConfigurationList = 2A979E8F24DE65480010EBE4 /* Build configuration list for PBXNativeTarget "horizontalCollectionViewCell" */;
			buildPhases = (
				2A979E7724DE65450010EBE4 /* Sources */,
				2A979E7824DE65450010EBE4 /* Frameworks */,
				2A979E7924DE65450010EBE4 /* Resources */,
			);
			buildRules = (
			);
			dependencies = (
			);
			name = horizontalCollectionViewCell;
			productName = horizontalCollectionViewCell;
			productReference = 2A979E7B24DE65450010EBE4 /* horizontalCollectionViewCell.app */;
			productType = "com.apple.product-type.application";
		};
/* End PBXNativeTarget section */

/* Begin PBXProject section */
		2A979E7324DE65450010EBE4 /* Project object */ = {
			isa = PBXProject;
			attributes = {
				LastSwiftUpdateCheck = 1160;
				LastUpgradeCheck = 1160;
				ORGANIZATIONNAME = RyoNishimura;
				TargetAttributes = {
					2A979E7A24DE65450010EBE4 = {
						CreatedOnToolsVersion = 11.6;
					};
				};
			};
			buildConfigurationList = 2A979E7624DE65450010EBE4 /* Build configuration list for PBXProject "horizontalCollectionViewCell" */;
			compatibilityVersion = "Xcode 9.3";
			developmentRegion = en;
			hasScannedForEncodings = 0;
			knownRegions = (
				en,
				Base,
			);
			mainGroup = 2A979E7224DE65450010EBE4;
			productRefGroup = 2A979E7C24DE65450010EBE4 /* Products */;
			projectDirPath = "";
			projectRoot = "";
			targets = (
				2A979E7A24DE65450010EBE4 /* horizontalCollectionViewCell */,
			);
		};
/* End PBXProject section */

/* Begin PBXResourcesBuildPhase section */
		2A979E7924DE65450010EBE4 /* Resources */ = {
			isa = PBXResourcesBuildPhase;
			buildActionMask = 2147483647;
			files = (
				2A979E8824DE65480010EBE4 /* Assets.xcassets in Resources */,
				2A979E9524DE681F0010EBE4 /* CollectionViewCell.xib in Resources */,
				2A979E8624DE65450010EBE4 /* Main.storyboard in Resources */,
			);
			runOnlyForDeploymentPostprocessing = 0;
		};
/* End PBXResourcesBuildPhase section */

/* Begin PBXSourcesBuildPhase section */
		2A979E7724DE65450010EBE4 /* Sources */ = {
			isa = PBXSourcesBuildPhase;
			buildActionMask = 2147483647;
			files = (
				2A979E8324DE65450010EBE4 /* ViewController.swift in Sources */,
				2A979E7F24DE65450010EBE4 /* AppDelegate.swift in Sources */,
				2A979E9424DE681F0010EBE4 /* CollectionViewCell.swift in Sources */,
				2A979E8124DE65450010EBE4 /* SceneDelegate.swift in Sources */,
			);
			runOnlyForDeploymentPostprocessing = 0;
		};
/* End PBXSourcesBuildPhase section */

/* Begin PBXVariantGroup section */
		2A979E8424DE65450010EBE4 /* Main.storyboard */ = {
			isa = PBXVariantGroup;
			children = (
				2A979E8524DE65450010EBE4 /* Base */,
			);
			name = Main.storyboard;
			sourceTree = "<group>";
		};
/* End PBXVariantGroup section */

/* Begin XCBuildConfiguration section */
		2A979E8D24DE65480010EBE4 /* Debug */ = {
			isa = XCBuildConfiguration;
			buildSettings = {
				ALWAYS_SEARCH_USER_PATHS = NO;
				CLANG_ANALYZER_NONNULL = YES;
				CLANG_ANALYZER_NUMBER_OBJECT_CONVERSION = YES_AGGRESSIVE;
				CLANG_CXX_LANGUAGE_STANDARD = "gnu++14";
				CLANG_CXX_LIBRARY = "libc++";
				CLANG_ENABLE_MODULES = YES;
				CLANG_ENABLE_OBJC_ARC = YES;
				CLANG_ENABLE_OBJC_WEAK = YES;
				CLANG_WARN_BLOCK_CAPTURE_AUTORELEASING = YES;
				CLANG_WARN_BOOL_CONVERSION = YES;
				CLANG_WARN_COMMA = YES;
				CLANG_WARN_CONSTANT_CONVERSION = YES;
				CLANG_WARN_DEPRECATED_OBJC_IMPLEMENTATIONS = YES;
				CLANG_WARN_DIRECT_OBJC_ISA_USAGE = YES_ERROR;
				CLANG_WARN_DOCUMENTATION_COMMENTS = YES;
				CLANG_WARN_EMPTY_BODY = YES;
				CLANG_WARN_ENUM_CONVERSION = YES;
				CLANG_WARN_INFINITE_RECURSION = YES;
				CLANG_WARN_INT_CONVERSION = YES;
				CLANG_WARN_NON_LITERAL_NULL_CONVERSION = YES;
				CLANG_WARN_OBJC_IMPLICIT_RETAIN_SELF = YES;
				CLANG_WARN_OBJC_LITERAL_CONVERSION = YES;
				CLANG_WARN_OBJC_ROOT_CLASS = YES_ERROR;
				CLANG_WARN_RANGE_LOOP_ANALYSIS = YES;
				CLANG_WARN_STRICT_PROTOTYPES = YES;
				CLANG_WARN_SUSPICIOUS_MOVE = YES;
				CLANG_WARN_UNGUARDED_AVAILABILITY = YES_AGGRESSIVE;
				CLANG_WARN_UNREACHABLE_CODE = YES;
				CLANG_WARN__DUPLICATE_METHOD_MATCH = YES;
				COPY_PHASE_STRIP = NO;
				DEBUG_INFORMATION_FORMAT = dwarf;
				ENABLE_STRICT_OBJC_MSGSEND = YES;
				ENABLE_TESTABILITY = YES;
				GCC_C_LANGUAGE_STANDARD = gnu11;
				GCC_DYNAMIC_NO_PIC = NO;
				GCC_NO_COMMON_BLOCKS = YES;
				GCC_OPTIMIZATION_LEVEL = 0;
				GCC_PREPROCESSOR_DEFINITIONS = (
					"DEBUG=1",
					"$(inherited)",
				);
				GCC_WARN_64_TO_32_BIT_CONVERSION = YES;
				GCC_WARN_ABOUT_RETURN_TYPE = YES_ERROR;
				GCC_WARN_UNDECLARED_SELECTOR = YES;
				GCC_WARN_UNINITIALIZED_AUTOS = YES_AGGRESSIVE;
				GCC_WARN_UNUSED_FUNCTION = YES;
				GCC_WARN_UNUSED_VARIABLE = YES;
				IPHONEOS_DEPLOYMENT_TARGET = 13.6;
				MTL_ENABLE_DEBUG_INFO = INCLUDE_SOURCE;
				MTL_FAST_MATH = YES;
				ONLY_ACTIVE_ARCH = YES;
				SDKROOT = iphoneos;
				SWIFT_ACTIVE_COMPILATION_CONDITIONS = DEBUG;
				SWIFT_OPTIMIZATION_LEVEL = "-Onone";
			};
			name = Debug;
		};
		2A979E8E24DE65480010EBE4 /* Release */ = {
			isa = XCBuildConfiguration;
			buildSettings = {
				ALWAYS_SEARCH_USER_PATHS = NO;
				CLANG_ANALYZER_NONNULL = YES;
				CLANG_ANALYZER_NUMBER_OBJECT_CONVERSION = YES_AGGRESSIVE;
				CLANG_CXX_LANGUAGE_STANDARD = "gnu++14";
				CLANG_CXX_LIBRARY = "libc++";
				CLANG_ENABLE_MODULES = YES;
				CLANG_ENABLE_OBJC_ARC = YES;
				CLANG_ENABLE_OBJC_WEAK = YES;
				CLANG_WARN_BLOCK_CAPTURE_AUTORELEASING = YES;
				CLANG_WARN_BOOL_CONVERSION = YES;
				CLANG_WARN_COMMA = YES;
				CLANG_WARN_CONSTANT_CONVERSION = YES;
				CLANG_WARN_DEPRECATED_OBJC_IMPLEMENTATIONS = YES;
				CLANG_WARN_DIRECT_OBJC_ISA_USAGE = YES_ERROR;
				CLANG_WARN_DOCUMENTATION_COMMENTS = YES;
				CLANG_WARN_EMPTY_BODY = YES;
				CLANG_WARN_ENUM_CONVERSION = YES;
				CLANG_WARN_INFINITE_RECURSION = YES;
				CLANG_WARN_INT_CONVERSION = YES;
				CLANG_WARN_NON_LITERAL_NULL_CONVERSION = YES;
				CLANG_WARN_OBJC_IMPLICIT_RETAIN_SELF = YES;
				CLANG_WARN_OBJC_LITERAL_CONVERSION = YES;
				CLANG_WARN_OBJC_ROOT_CLASS = YES_ERROR;
				CLANG_WARN_RANGE_LOOP_ANALYSIS = YES;
				CLANG_WARN_STRICT_PROTOTYPES = YES;
				CLANG_WARN_SUSPICIOUS_MOVE = YES;
				CLANG_WARN_UNGUARDED_AVAILABILITY = YES_AGGRESSIVE;
				CLANG_WARN_UNREACHABLE_CODE = YES;
				CLANG_WARN__DUPLICATE_METHOD_MATCH = YES;
				COPY_PHASE_STRIP = NO;
				DEBUG_INFORMATION_FORMAT = "dwarf-with-dsym";
				ENABLE_NS_ASSERTIONS = NO;
				ENABLE_STRICT_OBJC_MSGSEND = YES;
				GCC_C_LANGUAGE_STANDARD = gnu11;
				GCC_NO_COMMON_BLOCKS = YES;
				GCC_WARN_64_TO_32_BIT_CONVERSION = YES;
				GCC_WARN_ABOUT_RETURN_TYPE = YES_ERROR;
				GCC_WARN_UNDECLARED_SELECTOR = YES;
				GCC_WARN_UNINITIALIZED_AUTOS = YES_AGGRESSIVE;
				GCC_WARN_UNUSED_FUNCTION = YES;
				GCC_WARN_UNUSED_VARIABLE = YES;
				IPHONEOS_DEPLOYMENT_TARGET = 13.6;
				MTL_ENABLE_DEBUG_INFO = NO;
				MTL_FAST_MATH = YES;
				SDKROOT = iphoneos;
				SWIFT_COMPILATION_MODE = wholemodule;
				SWIFT_OPTIMIZATION_LEVEL = "-O";
				VALIDATE_PRODUCT = YES;
			};
			name = Release;
		};
		2A979E9024DE65480010EBE4 /* Debug */ = {
			isa = XCBuildConfiguration;
			buildSettings = {
				ASSETCATALOG_COMPILER_APPICON_NAME = AppIcon;
				CODE_SIGN_STYLE = Automatic;
				DEVELOPMENT_TEAM = PY3J24KKDZ;
				INFOPLIST_FILE = horizontalCollectionViewCell/Info.plist;
				LD_RUNPATH_SEARCH_PATHS = (
					"$(inherited)",
					"@executable_path/Frameworks",
				);
				PRODUCT_BUNDLE_IDENTIFIER = "west18948-gmail.com.horizontalCollectionViewCell";
				PRODUCT_NAME = "$(TARGET_NAME)";
				SWIFT_VERSION = 5.0;
				TARGETED_DEVICE_FAMILY = "1,2";
			};
			name = Debug;
		};
		2A979E9124DE65480010EBE4 /* Release */ = {
			isa = XCBuildConfiguration;
			buildSettings = {
				ASSETCATALOG_COMPILER_APPICON_NAME = AppIcon;
				CODE_SIGN_STYLE = Automatic;
				DEVELOPMENT_TEAM = PY3J24KKDZ;
				INFOPLIST_FILE = horizontalCollectionViewCell/Info.plist;
				LD_RUNPATH_SEARCH_PATHS = (
					"$(inherited)",
					"@executable_path/Frameworks",
				);
				PRODUCT_BUNDLE_IDENTIFIER = "west18948-gmail.com.horizontalCollectionViewCell";
				PRODUCT_NAME = "$(TARGET_NAME)";
				SWIFT_VERSION = 5.0;
				TARGETED_DEVICE_FAMILY = "1,2";
			};
			name = Release;
		};
/* End XCBuildConfiguration section */

/* Begin XCConfigurationList section */
		2A979E7624DE65450010EBE4 /* Build configuration list for PBXProject "horizontalCollectionViewCell" */ = {
			isa = XCConfigurationList;
			buildConfigurations = (
				2A979E8D24DE65480010EBE4 /* Debug */,
				2A979E8E24DE65480010EBE4 /* Release */,
			);
			defaultConfigurationIsVisible = 0;
			defaultConfigurationName = Release;
		};
		2A979E8F24DE65480010EBE4 /* Build configuration list for PBXNativeTarget "horizontalCollectionViewCell" */ = {
			isa = XCConfigurationList;
			buildConfigurations = (
				2A979E9024DE65480010EBE4 /* Debug */,
				2A979E9124DE65480010EBE4 /* Release */,
			);
			defaultConfigurationIsVisible = 0;
			defaultConfigurationName = Release;
		};
/* End XCConfigurationList section */
	};
	rootObject = 2A979E7324DE65450010EBE4 /* Project object */;
}
